
Microsoft Visual Studio Solution File, Format Version 12.00
# Visual Studio Version 16
VisualStudioVersion = 16.0.31005.135
MinimumVisualStudioVersion = 10.0.40219.1
Project("{FAE04EC0-301F-11D3-BF4B-00C04F79EFBC}") = "BitsPilani.Courses.Subscriber.DB", "BitsPilani.Courses.Subscriber.DB\BitsPilani.Courses.Subscriber.DB.csproj", "{2CDFDCEF-C0F4-4D70-A058-1507C2945E81}"
EndProject
Project("{FAE04EC0-301F-11D3-BF4B-00C04F79EFBC}") = "BitsPilani.Courses.Subscriber.BL", "BitsPilani.Courses.Subscriber.BL\BitsPilani.Courses.Subscriber.BL.csproj", "{67609064-4796-434D-A678-1DBBC20E3649}"
EndProject
Project("{FAE04EC0-301F-11D3-BF4B-00C04F79EFBC}") = "BitsPilani.Courses.Subscriber.Common", "BitsPilani.Courses.Subscriber.Common\BitsPilani.Courses.Subscriber.Common.csproj", "{658FB605-E58E-48FE-B991-316A0907D059}"
EndProject
Project("{FAE04EC0-301F-11D3-BF4B-00C04F79EFBC}") = "BitsPilani.Courses.Subscriber.API", "BitsPilani.Courses.Subscriber.API\BitsPilani.Courses.Subscriber.API.csproj", "{5E93976D-843C-49BC-BA8B-1D64CFCE3D8F}"
EndProject
Global
	GlobalSection(SolutionConfigurationPlatforms) = preSolution
		Debug|Any CPU = Debug|Any CPU
		Release|Any CPU = Release|Any CPU
	EndGlobalSection
	GlobalSection(ProjectConfigurationPlatforms) = postSolution
		{2CDFDCEF-C0F4-4D70-A058-1507C2945E81}.Debug|Any CPU.ActiveCfg = Debug|Any CPU
		{2CDFDCEF-C0F4-4D70-A058-1507C2945E81}.Debug|Any CPU.Build.0 = Debug|Any CPU
		{2CDFDCEF-C0F4-4D70-A058-1507C2945E81}.Release|Any CPU.ActiveCfg = Release|Any CPU
		{2CDFDCEF-C0F4-4D70-A058-1507C2945E81}.Release|Any CPU.Build.0 = Release|Any CPU
		{67609064-4796-434D-A678-1DBBC20E3649}.Debug|Any CPU.ActiveCfg = Debug|Any CPU
		{67609064-4796-434D-A678-1DBBC20E3649}.Debug|Any CPU.Build.0 = Debug|Any CPU
		{67609064-4796-434D-A678-1DBBC20E3649}.Release|Any CPU.ActiveCfg = Release|Any CPU
		{67609064-4796-434D-A678-1DBBC20E3649}.Release|Any CPU.Build.0 = Release|Any CPU
		{658FB605-E58E-48FE-B991-316A0907D059}.Debug|Any CPU.ActiveCfg = Debug|Any CPU
		{658FB605-E58E-48FE-B991-316A0907D059}.Debug|Any CPU.Build.0 = Debug|Any CPU
		{658FB605-E58E-48FE-B991-316A0907D059}.Release|Any CPU.ActiveCfg = Release|Any CPU
		{658FB605-E58E-48FE-B991-316A0907D059}.Release|Any CPU.Build.0 = Release|Any CPU
		{5E93976D-843C-49BC-BA8B-1D64CFCE3D8F}.Debug|Any CPU.ActiveCfg = Debug|Any CPU
		{5E93976D-843C-49BC-BA8B-1D64CFCE3D8F}.Debug|Any CPU.Build.0 = Debug|Any CPU
		{5E93976D-843C-49BC-BA8B-1D64CFCE3D8F}.Release|Any CPU.ActiveCfg = Release|Any CPU
		{5E93976D-843C-49BC-BA8B-1D64CFCE3D8F}.Release|Any CPU.Build.0 = Release|Any CPU
	EndGlobalSection
	GlobalSection(SolutionProperties) = preSolution
		HideSolutionNode = FALSE
	EndGlobalSection
	GlobalSection(ExtensibilityGlobals) = postSolution
		SolutionGuid = {20DC28EE-1237-4316-8438-50328C2C5BB1}
	EndGlobalSection
EndGlobal
